
Microsoft Visual Studio Solution File, Format Version 12.00
# Visual Studio Version 16
VisualStudioVersion = 16.0.31112.23
MinimumVisualStudioVersion = 10.0.40219.1
Project("{FAE04EC0-301F-11D3-BF4B-00C04F79EFBC}") = "App", "App\App.csproj", "{B908311F-0E17-41C7-9BF6-AC20C87D5B8B}"
EndProject
Project("{FAE04EC0-301F-11D3-BF4B-00C04F79EFBC}") = "AppDomain", "AppDomain\AppDomain.csproj", "{5E1F0BD3-4BB8-46A9-819F-3573878CA173}"
EndProject
Global
	GlobalSection(SolutionConfigurationPlatforms) = preSolution
		Debug|Any CPU = Debug|Any CPU
		Release|Any CPU = Release|Any CPU
	EndGlobalSection
	GlobalSection(ProjectConfigurationPlatforms) = postSolution
		{B908311F-0E17-41C7-9BF6-AC20C87D5B8B}.Debug|Any CPU.ActiveCfg = Debug|Any CPU
		{B908311F-0E17-41C7-9BF6-AC20C87D5B8B}.Debug|Any CPU.Build.0 = Debug|Any CPU
		{B908311F-0E17-41C7-9BF6-AC20C87D5B8B}.Release|Any CPU.ActiveCfg = Release|Any CPU
		{B908311F-0E17-41C7-9BF6-AC20C87D5B8B}.Release|Any CPU.Build.0 = Release|Any CPU
		{5E1F0BD3-4BB8-46A9-819F-3573878CA173}.Debug|Any CPU.ActiveCfg = Debug|Any CPU
		{5E1F0BD3-4BB8-46A9-819F-3573878CA173}.Debug|Any CPU.Build.0 = Debug|Any CPU
		{5E1F0BD3-4BB8-46A9-819F-3573878CA173}.Release|Any CPU.ActiveCfg = Release|Any CPU
		{5E1F0BD3-4BB8-46A9-819F-3573878CA173}.Release|Any CPU.Build.0 = Release|Any CPU
	EndGlobalSection
	GlobalSection(SolutionProperties) = preSolution
		HideSolutionNode = FALSE
	EndGlobalSection
	GlobalSection(ExtensibilityGlobals) = postSolution
		SolutionGuid = {5C3F40FB-4500-4784-A86A-9F072A3A72E8}
	EndGlobalSection
EndGlobal
