
Microsoft Visual Studio Solution File, Format Version 12.00
# Visual Studio Version 16
VisualStudioVersion = 16.0.31112.23
MinimumVisualStudioVersion = 10.0.40219.1
Project("{9A19103F-16F7-4668-BE54-9A1E7A4F7556}") = "Task1", "Task1\Task1.csproj", "{FC4D294A-7CCA-454A-A645-3DD9B5E767A6}"
EndProject
Project("{FAE04EC0-301F-11D3-BF4B-00C04F79EFBC}") = "Task2", "Task2\Task2.csproj", "{13ACCE49-8BD0-44DD-B73C-18DA962B8612}"
EndProject
Project("{FAE04EC0-301F-11D3-BF4B-00C04F79EFBC}") = "Task3", "Task3\Task3.csproj", "{57488727-BEC6-43F2-902F-D94E1AD084F7}"
EndProject
Project("{FAE04EC0-301F-11D3-BF4B-00C04F79EFBC}") = "Task3Domain", "Task3Domain\Task3Domain.csproj", "{EA46AFDB-A511-40EC-8B7F-C24770B9004E}"
EndProject
Project("{FAE04EC0-301F-11D3-BF4B-00C04F79EFBC}") = "Task4", "Task4\Task4.csproj", "{4356FCD0-C242-4419-B5F3-56CD2BE224C1}"
EndProject
Project("{FAE04EC0-301F-11D3-BF4B-00C04F79EFBC}") = "Task4Domain", "Task4Domain\Task4Domain.csproj", "{840A6186-FF07-44BF-9813-F43AA80FD915}"
EndProject
Global
	GlobalSection(SolutionConfigurationPlatforms) = preSolution
		Debug|Any CPU = Debug|Any CPU
		Release|Any CPU = Release|Any CPU
	EndGlobalSection
	GlobalSection(ProjectConfigurationPlatforms) = postSolution
		{FC4D294A-7CCA-454A-A645-3DD9B5E767A6}.Debug|Any CPU.ActiveCfg = Debug|Any CPU
		{FC4D294A-7CCA-454A-A645-3DD9B5E767A6}.Debug|Any CPU.Build.0 = Debug|Any CPU
		{FC4D294A-7CCA-454A-A645-3DD9B5E767A6}.Release|Any CPU.ActiveCfg = Release|Any CPU
		{FC4D294A-7CCA-454A-A645-3DD9B5E767A6}.Release|Any CPU.Build.0 = Release|Any CPU
		{13ACCE49-8BD0-44DD-B73C-18DA962B8612}.Debug|Any CPU.ActiveCfg = Debug|Any CPU
		{13ACCE49-8BD0-44DD-B73C-18DA962B8612}.Debug|Any CPU.Build.0 = Debug|Any CPU
		{13ACCE49-8BD0-44DD-B73C-18DA962B8612}.Release|Any CPU.ActiveCfg = Release|Any CPU
		{13ACCE49-8BD0-44DD-B73C-18DA962B8612}.Release|Any CPU.Build.0 = Release|Any CPU
		{57488727-BEC6-43F2-902F-D94E1AD084F7}.Debug|Any CPU.ActiveCfg = Debug|Any CPU
		{57488727-BEC6-43F2-902F-D94E1AD084F7}.Debug|Any CPU.Build.0 = Debug|Any CPU
		{57488727-BEC6-43F2-902F-D94E1AD084F7}.Release|Any CPU.ActiveCfg = Release|Any CPU
		{57488727-BEC6-43F2-902F-D94E1AD084F7}.Release|Any CPU.Build.0 = Release|Any CPU
		{EA46AFDB-A511-40EC-8B7F-C24770B9004E}.Debug|Any CPU.ActiveCfg = Debug|Any CPU
		{EA46AFDB-A511-40EC-8B7F-C24770B9004E}.Debug|Any CPU.Build.0 = Debug|Any CPU
		{EA46AFDB-A511-40EC-8B7F-C24770B9004E}.Release|Any CPU.ActiveCfg = Release|Any CPU
		{EA46AFDB-A511-40EC-8B7F-C24770B9004E}.Release|Any CPU.Build.0 = Release|Any CPU
		{4356FCD0-C242-4419-B5F3-56CD2BE224C1}.Debug|Any CPU.ActiveCfg = Debug|Any CPU
		{4356FCD0-C242-4419-B5F3-56CD2BE224C1}.Debug|Any CPU.Build.0 = Debug|Any CPU
		{4356FCD0-C242-4419-B5F3-56CD2BE224C1}.Release|Any CPU.ActiveCfg = Release|Any CPU
		{4356FCD0-C242-4419-B5F3-56CD2BE224C1}.Release|Any CPU.Build.0 = Release|Any CPU
		{840A6186-FF07-44BF-9813-F43AA80FD915}.Debug|Any CPU.ActiveCfg = Debug|Any CPU
		{840A6186-FF07-44BF-9813-F43AA80FD915}.Debug|Any CPU.Build.0 = Debug|Any CPU
		{840A6186-FF07-44BF-9813-F43AA80FD915}.Release|Any CPU.ActiveCfg = Release|Any CPU
		{840A6186-FF07-44BF-9813-F43AA80FD915}.Release|Any CPU.Build.0 = Release|Any CPU
	EndGlobalSection
	GlobalSection(SolutionProperties) = preSolution
		HideSolutionNode = FALSE
	EndGlobalSection
	GlobalSection(ExtensibilityGlobals) = postSolution
		SolutionGuid = {73FFECE5-124D-45CB-80A0-7AF620D183EB}
	EndGlobalSection
EndGlobal
