
Microsoft Visual Studio Solution File, Format Version 12.00
# Visual Studio Version 16
VisualStudioVersion = 16.0.31112.23
MinimumVisualStudioVersion = 10.0.40219.1
Project("{FAE04EC0-301F-11D3-BF4B-00C04F79EFBC}") = "Task1", "Task1\Task1.csproj", "{FC4D294A-7CCA-454A-A645-3DD9B5E767A6}"
EndProject
Global
	GlobalSection(SolutionConfigurationPlatforms) = preSolution
		Debug|Any CPU = Debug|Any CPU
		Release|Any CPU = Release|Any CPU
	EndGlobalSection
	GlobalSection(ProjectConfigurationPlatforms) = postSolution
		{FC4D294A-7CCA-454A-A645-3DD9B5E767A6}.Debug|Any CPU.ActiveCfg = Debug|Any CPU
		{FC4D294A-7CCA-454A-A645-3DD9B5E767A6}.Debug|Any CPU.Build.0 = Debug|Any CPU
		{FC4D294A-7CCA-454A-A645-3DD9B5E767A6}.Release|Any CPU.ActiveCfg = Release|Any CPU
		{FC4D294A-7CCA-454A-A645-3DD9B5E767A6}.Release|Any CPU.Build.0 = Release|Any CPU
	EndGlobalSection
	GlobalSection(SolutionProperties) = preSolution
		HideSolutionNode = FALSE
	EndGlobalSection
	GlobalSection(ExtensibilityGlobals) = postSolution
		SolutionGuid = {73FFECE5-124D-45CB-80A0-7AF620D183EB}
	EndGlobalSection
EndGlobal
