
Microsoft Visual Studio Solution File, Format Version 12.00
# Visual Studio Version 16
VisualStudioVersion = 16.0.31112.23
MinimumVisualStudioVersion = 10.0.40219.1
Project("{9A19103F-16F7-4668-BE54-9A1E7A4F7556}") = "exercise01_realCalculator", "exercise01_realCalculator\exercise01_realCalculator.csproj", "{109C7646-01FA-4279-AC26-AC3842341469}"
EndProject
Project("{FAE04EC0-301F-11D3-BF4B-00C04F79EFBC}") = "exercise02_averageNumber", "exercise02_averageNumber\exercise02_averageNumber.csproj", "{F7B03B81-49CC-4C32-8851-896490C5A300}"
EndProject
Project("{FAE04EC0-301F-11D3-BF4B-00C04F79EFBC}") = "exercise03_swapNumbers", "exercise03_swapNumbers\exercise03_swapNumbers.csproj", "{02F1C351-EEE4-4FB8-A35A-9FCF40D70A9A}"
EndProject
Project("{FAE04EC0-301F-11D3-BF4B-00C04F79EFBC}") = "exercise04_findStatistics", "exercise04_findStatistics\exercise04_findStatistics.csproj", "{848380A4-2AE1-45F6-B6FC-2650E72350C4}"
EndProject
Project("{FAE04EC0-301F-11D3-BF4B-00C04F79EFBC}") = "exercise5_switchExercise", "exercise5_switchExercise\exercise5_switchExercise.csproj", "{94671B48-1AB8-4276-916B-6FD1D2AE9957}"
EndProject
Global
	GlobalSection(SolutionConfigurationPlatforms) = preSolution
		Debug|Any CPU = Debug|Any CPU
		Release|Any CPU = Release|Any CPU
	EndGlobalSection
	GlobalSection(ProjectConfigurationPlatforms) = postSolution
		{109C7646-01FA-4279-AC26-AC3842341469}.Debug|Any CPU.ActiveCfg = Debug|Any CPU
		{109C7646-01FA-4279-AC26-AC3842341469}.Debug|Any CPU.Build.0 = Debug|Any CPU
		{109C7646-01FA-4279-AC26-AC3842341469}.Release|Any CPU.ActiveCfg = Release|Any CPU
		{109C7646-01FA-4279-AC26-AC3842341469}.Release|Any CPU.Build.0 = Release|Any CPU
		{F7B03B81-49CC-4C32-8851-896490C5A300}.Debug|Any CPU.ActiveCfg = Debug|Any CPU
		{F7B03B81-49CC-4C32-8851-896490C5A300}.Debug|Any CPU.Build.0 = Debug|Any CPU
		{F7B03B81-49CC-4C32-8851-896490C5A300}.Release|Any CPU.ActiveCfg = Release|Any CPU
		{F7B03B81-49CC-4C32-8851-896490C5A300}.Release|Any CPU.Build.0 = Release|Any CPU
		{02F1C351-EEE4-4FB8-A35A-9FCF40D70A9A}.Debug|Any CPU.ActiveCfg = Debug|Any CPU
		{02F1C351-EEE4-4FB8-A35A-9FCF40D70A9A}.Debug|Any CPU.Build.0 = Debug|Any CPU
		{02F1C351-EEE4-4FB8-A35A-9FCF40D70A9A}.Release|Any CPU.ActiveCfg = Release|Any CPU
		{02F1C351-EEE4-4FB8-A35A-9FCF40D70A9A}.Release|Any CPU.Build.0 = Release|Any CPU
		{848380A4-2AE1-45F6-B6FC-2650E72350C4}.Debug|Any CPU.ActiveCfg = Debug|Any CPU
		{848380A4-2AE1-45F6-B6FC-2650E72350C4}.Debug|Any CPU.Build.0 = Debug|Any CPU
		{848380A4-2AE1-45F6-B6FC-2650E72350C4}.Release|Any CPU.ActiveCfg = Release|Any CPU
		{848380A4-2AE1-45F6-B6FC-2650E72350C4}.Release|Any CPU.Build.0 = Release|Any CPU
		{94671B48-1AB8-4276-916B-6FD1D2AE9957}.Debug|Any CPU.ActiveCfg = Debug|Any CPU
		{94671B48-1AB8-4276-916B-6FD1D2AE9957}.Debug|Any CPU.Build.0 = Debug|Any CPU
		{94671B48-1AB8-4276-916B-6FD1D2AE9957}.Release|Any CPU.ActiveCfg = Release|Any CPU
		{94671B48-1AB8-4276-916B-6FD1D2AE9957}.Release|Any CPU.Build.0 = Release|Any CPU
	EndGlobalSection
	GlobalSection(SolutionProperties) = preSolution
		HideSolutionNode = FALSE
	EndGlobalSection
	GlobalSection(ExtensibilityGlobals) = postSolution
		SolutionGuid = {4716864D-A2F5-40DC-9750-31F926F8852C}
	EndGlobalSection
EndGlobal
